// !$*UTF8*$!
{
	archiveVersion = 1;
	classes = {
	};
	objectVersion = 56;
	objects = {

/* Begin PBXBuildFile section */
		780F615F29DDEE20001C38C2 /* TiminatorApp.swift in Sources */ = {isa = PBXBuildFile; fileRef = 780F615E29DDEE20001C38C2 /* TiminatorApp.swift */; };
		780F616129DDEE20001C38C2 /* ContentView.swift in Sources */ = {isa = PBXBuildFile; fileRef = 780F616029DDEE20001C38C2 /* ContentView.swift */; };
		780F616329DDEE22001C38C2 /* Assets.xcassets in Resources */ = {isa = PBXBuildFile; fileRef = 780F616229DDEE22001C38C2 /* Assets.xcassets */; };
		780F616729DDEE22001C38C2 /* Preview Assets.xcassets in Resources */ = {isa = PBXBuildFile; fileRef = 780F616629DDEE22001C38C2 /* Preview Assets.xcassets */; };
		780F617129DDEE23001C38C2 /* TiminatorTests.swift in Sources */ = {isa = PBXBuildFile; fileRef = 780F617029DDEE23001C38C2 /* TiminatorTests.swift */; };
		780F617B29DDEE23001C38C2 /* TiminatorUITests.swift in Sources */ = {isa = PBXBuildFile; fileRef = 780F617A29DDEE23001C38C2 /* TiminatorUITests.swift */; };
		780F617D29DDEE23001C38C2 /* TiminatorUITestsLaunchTests.swift in Sources */ = {isa = PBXBuildFile; fileRef = 780F617C29DDEE23001C38C2 /* TiminatorUITestsLaunchTests.swift */; };
/* End PBXBuildFile section */

/* Begin PBXContainerItemProxy section */
		780F616D29DDEE23001C38C2 /* PBXContainerItemProxy */ = {
			isa = PBXContainerItemProxy;
			containerPortal = 780F615329DDEE20001C38C2 /* Project object */;
			proxyType = 1;
			remoteGlobalIDString = 780F615A29DDEE20001C38C2;
			remoteInfo = Timinator;
		};
		780F617729DDEE23001C38C2 /* PBXContainerItemProxy */ = {
			isa = PBXContainerItemProxy;
			containerPortal = 780F615329DDEE20001C38C2 /* Project object */;
			proxyType = 1;
			remoteGlobalIDString = 780F615A29DDEE20001C38C2;
			remoteInfo = Timinator;
		};
/* End PBXContainerItemProxy section */

/* Begin PBXFileReference section */
		780F615B29DDEE20001C38C2 /* Timinator.app */ = {isa = PBXFileReference; explicitFileType = wrapper.application; includeInIndex = 0; path = Timinator.app; sourceTree = BUILT_PRODUCTS_DIR; };
		780F615E29DDEE20001C38C2 /* TiminatorApp.swift */ = {isa = PBXFileReference; lastKnownFileType = sourcecode.swift; path = TiminatorApp.swift; sourceTree = "<group>"; };
		780F616029DDEE20001C38C2 /* ContentView.swift */ = {isa = PBXFileReference; lastKnownFileType = sourcecode.swift; path = ContentView.swift; sourceTree = "<group>"; };
		780F616229DDEE22001C38C2 /* Assets.xcassets */ = {isa = PBXFileReference; lastKnownFileType = folder.assetcatalog; path = Assets.xcassets; sourceTree = "<group>"; };
		780F616429DDEE22001C38C2 /* Timinator.entitlements */ = {isa = PBXFileReference; lastKnownFileType = text.plist.entitlements; path = Timinator.entitlements; sourceTree = "<group>"; };
		780F616629DDEE22001C38C2 /* Preview Assets.xcassets */ = {isa = PBXFileReference; lastKnownFileType = folder.assetcatalog; path = "Preview Assets.xcassets"; sourceTree = "<group>"; };
		780F616C29DDEE23001C38C2 /* TiminatorTests.xctest */ = {isa = PBXFileReference; explicitFileType = wrapper.cfbundle; includeInIndex = 0; path = TiminatorTests.xctest; sourceTree = BUILT_PRODUCTS_DIR; };
		780F617029DDEE23001C38C2 /* TiminatorTests.swift */ = {isa = PBXFileReference; lastKnownFileType = sourcecode.swift; path = TiminatorTests.swift; sourceTree = "<group>"; };
		780F617629DDEE23001C38C2 /* TiminatorUITests.xctest */ = {isa = PBXFileReference; explicitFileType = wrapper.cfbundle; includeInIndex = 0; path = TiminatorUITests.xctest; sourceTree = BUILT_PRODUCTS_DIR; };
		780F617A29DDEE23001C38C2 /* TiminatorUITests.swift */ = {isa = PBXFileReference; lastKnownFileType = sourcecode.swift; path = TiminatorUITests.swift; sourceTree = "<group>"; };
		780F617C29DDEE23001C38C2 /* TiminatorUITestsLaunchTests.swift */ = {isa = PBXFileReference; lastKnownFileType = sourcecode.swift; path = TiminatorUITestsLaunchTests.swift; sourceTree = "<group>"; };
/* End PBXFileReference section */

/* Begin PBXFrameworksBuildPhase section */
		780F615829DDEE20001C38C2 /* Frameworks */ = {
			isa = PBXFrameworksBuildPhase;
			buildActionMask = 2147483647;
			files = (
			);
			runOnlyForDeploymentPostprocessing = 0;
		};
		780F616929DDEE23001C38C2 /* Frameworks */ = {
			isa = PBXFrameworksBuildPhase;
			buildActionMask = 2147483647;
			files = (
			);
			runOnlyForDeploymentPostprocessing = 0;
		};
		780F617329DDEE23001C38C2 /* Frameworks */ = {
			isa = PBXFrameworksBuildPhase;
			buildActionMask = 2147483647;
			files = (
			);
			runOnlyForDeploymentPostprocessing = 0;
		};
/* End PBXFrameworksBuildPhase section */

/* Begin PBXGroup section */
		780F615229DDEE20001C38C2 = {
			isa = PBXGroup;
			children = (
				780F615D29DDEE20001C38C2 /* Timinator */,
				780F616F29DDEE23001C38C2 /* TiminatorTests */,
				780F617929DDEE23001C38C2 /* TiminatorUITests */,
				780F615C29DDEE20001C38C2 /* Products */,
			);
			sourceTree = "<group>";
		};
		780F615C29DDEE20001C38C2 /* Products */ = {
			isa = PBXGroup;
			children = (
				780F615B29DDEE20001C38C2 /* Timinator.app */,
				780F616C29DDEE23001C38C2 /* TiminatorTests.xctest */,
				780F617629DDEE23001C38C2 /* TiminatorUITests.xctest */,
			);
			name = Products;
			sourceTree = "<group>";
		};
		780F615D29DDEE20001C38C2 /* Timinator */ = {
			isa = PBXGroup;
			children = (
				780F615E29DDEE20001C38C2 /* TiminatorApp.swift */,
				780F616029DDEE20001C38C2 /* ContentView.swift */,
				780F616229DDEE22001C38C2 /* Assets.xcassets */,
				780F616429DDEE22001C38C2 /* Timinator.entitlements */,
				780F616529DDEE22001C38C2 /* Preview Content */,
			);
			path = Timinator;
			sourceTree = "<group>";
		};
		780F616529DDEE22001C38C2 /* Preview Content */ = {
			isa = PBXGroup;
			children = (
				780F616629DDEE22001C38C2 /* Preview Assets.xcassets */,
			);
			path = "Preview Content";
			sourceTree = "<group>";
		};
		780F616F29DDEE23001C38C2 /* TiminatorTests */ = {
			isa = PBXGroup;
			children = (
				780F617029DDEE23001C38C2 /* TiminatorTests.swift */,
			);
			path = TiminatorTests;
			sourceTree = "<group>";
		};
		780F617929DDEE23001C38C2 /* TiminatorUITests */ = {
			isa = PBXGroup;
			children = (
				780F617A29DDEE23001C38C2 /* TiminatorUITests.swift */,
				780F617C29DDEE23001C38C2 /* TiminatorUITestsLaunchTests.swift */,
			);
			path = TiminatorUITests;
			sourceTree = "<group>";
		};
/* End PBXGroup section */

/* Begin PBXNativeTarget section */
		780F615A29DDEE20001C38C2 /* Timinator */ = {
			isa = PBXNativeTarget;
			buildConfigurationList = 780F618029DDEE23001C38C2 /* Build configuration list for PBXNativeTarget "Timinator" */;
			buildPhases = (
				780F615729DDEE20001C38C2 /* Sources */,
				780F615829DDEE20001C38C2 /* Frameworks */,
				780F615929DDEE20001C38C2 /* Resources */,
			);
			buildRules = (
			);
			dependencies = (
			);
			name = Timinator;
			productName = Timinator;
			productReference = 780F615B29DDEE20001C38C2 /* Timinator.app */;
			productType = "com.apple.product-type.application";
		};
		780F616B29DDEE23001C38C2 /* TiminatorTests */ = {
			isa = PBXNativeTarget;
			buildConfigurationList = 780F618329DDEE23001C38C2 /* Build configuration list for PBXNativeTarget "TiminatorTests" */;
			buildPhases = (
				780F616829DDEE23001C38C2 /* Sources */,
				780F616929DDEE23001C38C2 /* Frameworks */,
				780F616A29DDEE23001C38C2 /* Resources */,
			);
			buildRules = (
			);
			dependencies = (
				780F616E29DDEE23001C38C2 /* PBXTargetDependency */,
			);
			name = TiminatorTests;
			productName = TiminatorTests;
			productReference = 780F616C29DDEE23001C38C2 /* TiminatorTests.xctest */;
			productType = "com.apple.product-type.bundle.unit-test";
		};
		780F617529DDEE23001C38C2 /* TiminatorUITests */ = {
			isa = PBXNativeTarget;
			buildConfigurationList = 780F618629DDEE23001C38C2 /* Build configuration list for PBXNativeTarget "TiminatorUITests" */;
			buildPhases = (
				780F617229DDEE23001C38C2 /* Sources */,
				780F617329DDEE23001C38C2 /* Frameworks */,
				780F617429DDEE23001C38C2 /* Resources */,
			);
			buildRules = (
			);
			dependencies = (
				780F617829DDEE23001C38C2 /* PBXTargetDependency */,
			);
			name = TiminatorUITests;
			productName = TiminatorUITests;
			productReference = 780F617629DDEE23001C38C2 /* TiminatorUITests.xctest */;
			productType = "com.apple.product-type.bundle.ui-testing";
		};
/* End PBXNativeTarget section */

/* Begin PBXProject section */
		780F615329DDEE20001C38C2 /* Project object */ = {
			isa = PBXProject;
			attributes = {
				BuildIndependentTargetsInParallel = 1;
				LastSwiftUpdateCheck = 1430;
				LastUpgradeCheck = 1430;
				TargetAttributes = {
					780F615A29DDEE20001C38C2 = {
						CreatedOnToolsVersion = 14.3;
					};
					780F616B29DDEE23001C38C2 = {
						CreatedOnToolsVersion = 14.3;
						TestTargetID = 780F615A29DDEE20001C38C2;
					};
					780F617529DDEE23001C38C2 = {
						CreatedOnToolsVersion = 14.3;
						TestTargetID = 780F615A29DDEE20001C38C2;
					};
				};
			};
			buildConfigurationList = 780F615629DDEE20001C38C2 /* Build configuration list for PBXProject "Timinator" */;
			compatibilityVersion = "Xcode 14.0";
			developmentRegion = en;
			hasScannedForEncodings = 0;
			knownRegions = (
				en,
				Base,
			);
			mainGroup = 780F615229DDEE20001C38C2;
			productRefGroup = 780F615C29DDEE20001C38C2 /* Products */;
			projectDirPath = "";
			projectRoot = "";
			targets = (
				780F615A29DDEE20001C38C2 /* Timinator */,
				780F616B29DDEE23001C38C2 /* TiminatorTests */,
				780F617529DDEE23001C38C2 /* TiminatorUITests */,
			);
		};
/* End PBXProject section */

/* Begin PBXResourcesBuildPhase section */
		780F615929DDEE20001C38C2 /* Resources */ = {
			isa = PBXResourcesBuildPhase;
			buildActionMask = 2147483647;
			files = (
				780F616729DDEE22001C38C2 /* Preview Assets.xcassets in Resources */,
				780F616329DDEE22001C38C2 /* Assets.xcassets in Resources */,
			);
			runOnlyForDeploymentPostprocessing = 0;
		};
		780F616A29DDEE23001C38C2 /* Resources */ = {
			isa = PBXResourcesBuildPhase;
			buildActionMask = 2147483647;
			files = (
			);
			runOnlyForDeploymentPostprocessing = 0;
		};
		780F617429DDEE23001C38C2 /* Resources */ = {
			isa = PBXResourcesBuildPhase;
			buildActionMask = 2147483647;
			files = (
			);
			runOnlyForDeploymentPostprocessing = 0;
		};
/* End PBXResourcesBuildPhase section */

/* Begin PBXSourcesBuildPhase section */
		780F615729DDEE20001C38C2 /* Sources */ = {
			isa = PBXSourcesBuildPhase;
			buildActionMask = 2147483647;
			files = (
				780F616129DDEE20001C38C2 /* ContentView.swift in Sources */,
				780F615F29DDEE20001C38C2 /* TiminatorApp.swift in Sources */,
			);
			runOnlyForDeploymentPostprocessing = 0;
		};
		780F616829DDEE23001C38C2 /* Sources */ = {
			isa = PBXSourcesBuildPhase;
			buildActionMask = 2147483647;
			files = (
				780F617129DDEE23001C38C2 /* TiminatorTests.swift in Sources */,
			);
			runOnlyForDeploymentPostprocessing = 0;
		};
		780F617229DDEE23001C38C2 /* Sources */ = {
			isa = PBXSourcesBuildPhase;
			buildActionMask = 2147483647;
			files = (
				780F617D29DDEE23001C38C2 /* TiminatorUITestsLaunchTests.swift in Sources */,
				780F617B29DDEE23001C38C2 /* TiminatorUITests.swift in Sources */,
			);
			runOnlyForDeploymentPostprocessing = 0;
		};
/* End PBXSourcesBuildPhase section */

/* Begin PBXTargetDependency section */
		780F616E29DDEE23001C38C2 /* PBXTargetDependency */ = {
			isa = PBXTargetDependency;
			target = 780F615A29DDEE20001C38C2 /* Timinator */;
			targetProxy = 780F616D29DDEE23001C38C2 /* PBXContainerItemProxy */;
		};
		780F617829DDEE23001C38C2 /* PBXTargetDependency */ = {
			isa = PBXTargetDependency;
			target = 780F615A29DDEE20001C38C2 /* Timinator */;
			targetProxy = 780F617729DDEE23001C38C2 /* PBXContainerItemProxy */;
		};
/* End PBXTargetDependency section */

/* Begin XCBuildConfiguration section */
		780F617E29DDEE23001C38C2 /* Debug */ = {
			isa = XCBuildConfiguration;
			buildSettings = {
				ALWAYS_SEARCH_USER_PATHS = NO;
				CLANG_ANALYZER_NONNULL = YES;
				CLANG_ANALYZER_NUMBER_OBJECT_CONVERSION = YES_AGGRESSIVE;
				CLANG_CXX_LANGUAGE_STANDARD = "gnu++20";
				CLANG_ENABLE_MODULES = YES;
				CLANG_ENABLE_OBJC_ARC = YES;
				CLANG_ENABLE_OBJC_WEAK = YES;
				CLANG_WARN_BLOCK_CAPTURE_AUTORELEASING = YES;
				CLANG_WARN_BOOL_CONVERSION = YES;
				CLANG_WARN_COMMA = YES;
				CLANG_WARN_CONSTANT_CONVERSION = YES;
				CLANG_WARN_DEPRECATED_OBJC_IMPLEMENTATIONS = YES;
				CLANG_WARN_DIRECT_OBJC_ISA_USAGE = YES_ERROR;
				CLANG_WARN_DOCUMENTATION_COMMENTS = YES;
				CLANG_WARN_EMPTY_BODY = YES;
				CLANG_WARN_ENUM_CONVERSION = YES;
				CLANG_WARN_INFINITE_RECURSION = YES;
				CLANG_WARN_INT_CONVERSION = YES;
				CLANG_WARN_NON_LITERAL_NULL_CONVERSION = YES;
				CLANG_WARN_OBJC_IMPLICIT_RETAIN_SELF = YES;
				CLANG_WARN_OBJC_LITERAL_CONVERSION = YES;
				CLANG_WARN_OBJC_ROOT_CLASS = YES_ERROR;
				CLANG_WARN_QUOTED_INCLUDE_IN_FRAMEWORK_HEADER = YES;
				CLANG_WARN_RANGE_LOOP_ANALYSIS = YES;
				CLANG_WARN_STRICT_PROTOTYPES = YES;
				CLANG_WARN_SUSPICIOUS_MOVE = YES;
				CLANG_WARN_UNGUARDED_AVAILABILITY = YES_AGGRESSIVE;
				CLANG_WARN_UNREACHABLE_CODE = YES;
				CLANG_WARN__DUPLICATE_METHOD_MATCH = YES;
				COPY_PHASE_STRIP = NO;
				DEBUG_INFORMATION_FORMAT = dwarf;
				ENABLE_STRICT_OBJC_MSGSEND = YES;
				ENABLE_TESTABILITY = YES;
				GCC_C_LANGUAGE_STANDARD = gnu11;
				GCC_DYNAMIC_NO_PIC = NO;
				GCC_NO_COMMON_BLOCKS = YES;
				GCC_OPTIMIZATION_LEVEL = 0;
				GCC_PREPROCESSOR_DEFINITIONS = (
					"DEBUG=1",
					"$(inherited)",
				);
				GCC_WARN_64_TO_32_BIT_CONVERSION = YES;
				GCC_WARN_ABOUT_RETURN_TYPE = YES_ERROR;
				GCC_WARN_UNDECLARED_SELECTOR = YES;
				GCC_WARN_UNINITIALIZED_AUTOS = YES_AGGRESSIVE;
				GCC_WARN_UNUSED_FUNCTION = YES;
				GCC_WARN_UNUSED_VARIABLE = YES;
				MTL_ENABLE_DEBUG_INFO = INCLUDE_SOURCE;
				MTL_FAST_MATH = YES;
				ONLY_ACTIVE_ARCH = YES;
				SWIFT_ACTIVE_COMPILATION_CONDITIONS = DEBUG;
				SWIFT_OPTIMIZATION_LEVEL = "-Onone";
			};
			name = Debug;
		};
		780F617F29DDEE23001C38C2 /* Release */ = {
			isa = XCBuildConfiguration;
			buildSettings = {
				ALWAYS_SEARCH_USER_PATHS = NO;
				CLANG_ANALYZER_NONNULL = YES;
				CLANG_ANALYZER_NUMBER_OBJECT_CONVERSION = YES_AGGRESSIVE;
				CLANG_CXX_LANGUAGE_STANDARD = "gnu++20";
				CLANG_ENABLE_MODULES = YES;
				CLANG_ENABLE_OBJC_ARC = YES;
				CLANG_ENABLE_OBJC_WEAK = YES;
				CLANG_WARN_BLOCK_CAPTURE_AUTORELEASING = YES;
				CLANG_WARN_BOOL_CONVERSION = YES;
				CLANG_WARN_COMMA = YES;
				CLANG_WARN_CONSTANT_CONVERSION = YES;
				CLANG_WARN_DEPRECATED_OBJC_IMPLEMENTATIONS = YES;
				CLANG_WARN_DIRECT_OBJC_ISA_USAGE = YES_ERROR;
				CLANG_WARN_DOCUMENTATION_COMMENTS = YES;
				CLANG_WARN_EMPTY_BODY = YES;
				CLANG_WARN_ENUM_CONVERSION = YES;
				CLANG_WARN_INFINITE_RECURSION = YES;
				CLANG_WARN_INT_CONVERSION = YES;
				CLANG_WARN_NON_LITERAL_NULL_CONVERSION = YES;
				CLANG_WARN_OBJC_IMPLICIT_RETAIN_SELF = YES;
				CLANG_WARN_OBJC_LITERAL_CONVERSION = YES;
				CLANG_WARN_OBJC_ROOT_CLASS = YES_ERROR;
				CLANG_WARN_QUOTED_INCLUDE_IN_FRAMEWORK_HEADER = YES;
				CLANG_WARN_RANGE_LOOP_ANALYSIS = YES;
				CLANG_WARN_STRICT_PROTOTYPES = YES;
				CLANG_WARN_SUSPICIOUS_MOVE = YES;
				CLANG_WARN_UNGUARDED_AVAILABILITY = YES_AGGRESSIVE;
				CLANG_WARN_UNREACHABLE_CODE = YES;
				CLANG_WARN__DUPLICATE_METHOD_MATCH = YES;
				COPY_PHASE_STRIP = NO;
				DEBUG_INFORMATION_FORMAT = "dwarf-with-dsym";
				ENABLE_NS_ASSERTIONS = NO;
				ENABLE_STRICT_OBJC_MSGSEND = YES;
				GCC_C_LANGUAGE_STANDARD = gnu11;
				GCC_NO_COMMON_BLOCKS = YES;
				GCC_WARN_64_TO_32_BIT_CONVERSION = YES;
				GCC_WARN_ABOUT_RETURN_TYPE = YES_ERROR;
				GCC_WARN_UNDECLARED_SELECTOR = YES;
				GCC_WARN_UNINITIALIZED_AUTOS = YES_AGGRESSIVE;
				GCC_WARN_UNUSED_FUNCTION = YES;
				GCC_WARN_UNUSED_VARIABLE = YES;
				MTL_ENABLE_DEBUG_INFO = NO;
				MTL_FAST_MATH = YES;
				SWIFT_COMPILATION_MODE = wholemodule;
				SWIFT_OPTIMIZATION_LEVEL = "-O";
			};
			name = Release;
		};
		780F618129DDEE23001C38C2 /* Debug */ = {
			isa = XCBuildConfiguration;
			buildSettings = {
				ASSETCATALOG_COMPILER_APPICON_NAME = AppIcon;
				ASSETCATALOG_COMPILER_GLOBAL_ACCENT_COLOR_NAME = AccentColor;
				CODE_SIGN_ENTITLEMENTS = Timinator/Timinator.entitlements;
				CODE_SIGN_STYLE = Automatic;
				CURRENT_PROJECT_VERSION = 1;
				DEVELOPMENT_ASSET_PATHS = "\"Timinator/Preview Content\"";
				DEVELOPMENT_TEAM = V3D37Y98ZT;
				ENABLE_HARDENED_RUNTIME = YES;
				ENABLE_PREVIEWS = YES;
				GENERATE_INFOPLIST_FILE = YES;
				"INFOPLIST_KEY_UIApplicationSceneManifest_Generation[sdk=iphoneos*]" = YES;
				"INFOPLIST_KEY_UIApplicationSceneManifest_Generation[sdk=iphonesimulator*]" = YES;
				"INFOPLIST_KEY_UIApplicationSupportsIndirectInputEvents[sdk=iphoneos*]" = YES;
				"INFOPLIST_KEY_UIApplicationSupportsIndirectInputEvents[sdk=iphonesimulator*]" = YES;
				"INFOPLIST_KEY_UILaunchScreen_Generation[sdk=iphoneos*]" = YES;
				"INFOPLIST_KEY_UILaunchScreen_Generation[sdk=iphonesimulator*]" = YES;
				"INFOPLIST_KEY_UIStatusBarStyle[sdk=iphoneos*]" = UIStatusBarStyleDefault;
				"INFOPLIST_KEY_UIStatusBarStyle[sdk=iphonesimulator*]" = UIStatusBarStyleDefault;
				INFOPLIST_KEY_UISupportedInterfaceOrientations_iPad = "UIInterfaceOrientationPortrait UIInterfaceOrientationPortraitUpsideDown UIInterfaceOrientationLandscapeLeft UIInterfaceOrientationLandscapeRight";
				INFOPLIST_KEY_UISupportedInterfaceOrientations_iPhone = "UIInterfaceOrientationPortrait UIInterfaceOrientationLandscapeLeft UIInterfaceOrientationLandscapeRight";
				IPHONEOS_DEPLOYMENT_TARGET = 16.4;
				LD_RUNPATH_SEARCH_PATHS = "@executable_path/Frameworks";
				"LD_RUNPATH_SEARCH_PATHS[sdk=macosx*]" = "@executable_path/../Frameworks";
				MACOSX_DEPLOYMENT_TARGET = 13.2;
				MARKETING_VERSION = 1.0;
				PRODUCT_BUNDLE_IDENTIFIER = com.Timinator;
				PRODUCT_NAME = "$(TARGET_NAME)";
				SDKROOT = auto;
				SUPPORTED_PLATFORMS = "iphoneos iphonesimulator macosx";
				SWIFT_EMIT_LOC_STRINGS = YES;
				SWIFT_VERSION = 5.0;
				TARGETED_DEVICE_FAMILY = "1,2";
			};
			name = Debug;
		};
		780F618229DDEE23001C38C2 /* Release */ = {
			isa = XCBuildConfiguration;
			buildSettings = {
				ASSETCATALOG_COMPILER_APPICON_NAME = AppIcon;
				ASSETCATALOG_COMPILER_GLOBAL_ACCENT_COLOR_NAME = AccentColor;
				CODE_SIGN_ENTITLEMENTS = Timinator/Timinator.entitlements;
				CODE_SIGN_STYLE = Automatic;
				CURRENT_PROJECT_VERSION = 1;
				DEVELOPMENT_ASSET_PATHS = "\"Timinator/Preview Content\"";
				DEVELOPMENT_TEAM = V3D37Y98ZT;
				ENABLE_HARDENED_RUNTIME = YES;
				ENABLE_PREVIEWS = YES;
				GENERATE_INFOPLIST_FILE = YES;
				"INFOPLIST_KEY_UIApplicationSceneManifest_Generation[sdk=iphoneos*]" = YES;
				"INFOPLIST_KEY_UIApplicationSceneManifest_Generation[sdk=iphonesimulator*]" = YES;
				"INFOPLIST_KEY_UIApplicationSupportsIndirectInputEvents[sdk=iphoneos*]" = YES;
				"INFOPLIST_KEY_UIApplicationSupportsIndirectInputEvents[sdk=iphonesimulator*]" = YES;
				"INFOPLIST_KEY_UILaunchScreen_Generation[sdk=iphoneos*]" = YES;
				"INFOPLIST_KEY_UILaunchScreen_Generation[sdk=iphonesimulator*]" = YES;
				"INFOPLIST_KEY_UIStatusBarStyle[sdk=iphoneos*]" = UIStatusBarStyleDefault;
				"INFOPLIST_KEY_UIStatusBarStyle[sdk=iphonesimulator*]" = UIStatusBarStyleDefault;
				INFOPLIST_KEY_UISupportedInterfaceOrientations_iPad = "UIInterfaceOrientationPortrait UIInterfaceOrientationPortraitUpsideDown UIInterfaceOrientationLandscapeLeft UIInterfaceOrientationLandscapeRight";
				INFOPLIST_KEY_UISupportedInterfaceOrientations_iPhone = "UIInterfaceOrientationPortrait UIInterfaceOrientationLandscapeLeft UIInterfaceOrientationLandscapeRight";
				IPHONEOS_DEPLOYMENT_TARGET = 16.4;
				LD_RUNPATH_SEARCH_PATHS = "@executable_path/Frameworks";
				"LD_RUNPATH_SEARCH_PATHS[sdk=macosx*]" = "@executable_path/../Frameworks";
				MACOSX_DEPLOYMENT_TARGET = 13.2;
				MARKETING_VERSION = 1.0;
				PRODUCT_BUNDLE_IDENTIFIER = com.Timinator;
				PRODUCT_NAME = "$(TARGET_NAME)";
				SDKROOT = auto;
				SUPPORTED_PLATFORMS = "iphoneos iphonesimulator macosx";
				SWIFT_EMIT_LOC_STRINGS = YES;
				SWIFT_VERSION = 5.0;
				TARGETED_DEVICE_FAMILY = "1,2";
			};
			name = Release;
		};
		780F618429DDEE23001C38C2 /* Debug */ = {
			isa = XCBuildConfiguration;
			buildSettings = {
				ALWAYS_EMBED_SWIFT_STANDARD_LIBRARIES = YES;
				BUNDLE_LOADER = "$(TEST_HOST)";
				CODE_SIGN_STYLE = Automatic;
				CURRENT_PROJECT_VERSION = 1;
				DEVELOPMENT_TEAM = V3D37Y98ZT;
				GENERATE_INFOPLIST_FILE = YES;
				IPHONEOS_DEPLOYMENT_TARGET = 16.4;
				MACOSX_DEPLOYMENT_TARGET = 13.2;
				MARKETING_VERSION = 1.0;
				PRODUCT_BUNDLE_IDENTIFIER = com.TiminatorTests;
				PRODUCT_NAME = "$(TARGET_NAME)";
				SDKROOT = auto;
				SUPPORTED_PLATFORMS = "iphoneos iphonesimulator macosx";
				SWIFT_EMIT_LOC_STRINGS = NO;
				SWIFT_VERSION = 5.0;
				TARGETED_DEVICE_FAMILY = "1,2";
				TEST_HOST = "$(BUILT_PRODUCTS_DIR)/Timinator.app/$(BUNDLE_EXECUTABLE_FOLDER_PATH)/Timinator";
			};
			name = Debug;
		};
		780F618529DDEE23001C38C2 /* Release */ = {
			isa = XCBuildConfiguration;
			buildSettings = {
				ALWAYS_EMBED_SWIFT_STANDARD_LIBRARIES = YES;
				BUNDLE_LOADER = "$(TEST_HOST)";
				CODE_SIGN_STYLE = Automatic;
				CURRENT_PROJECT_VERSION = 1;
				DEVELOPMENT_TEAM = V3D37Y98ZT;
				GENERATE_INFOPLIST_FILE = YES;
				IPHONEOS_DEPLOYMENT_TARGET = 16.4;
				MACOSX_DEPLOYMENT_TARGET = 13.2;
				MARKETING_VERSION = 1.0;
				PRODUCT_BUNDLE_IDENTIFIER = com.TiminatorTests;
				PRODUCT_NAME = "$(TARGET_NAME)";
				SDKROOT = auto;
				SUPPORTED_PLATFORMS = "iphoneos iphonesimulator macosx";
				SWIFT_EMIT_LOC_STRINGS = NO;
				SWIFT_VERSION = 5.0;
				TARGETED_DEVICE_FAMILY = "1,2";
				TEST_HOST = "$(BUILT_PRODUCTS_DIR)/Timinator.app/$(BUNDLE_EXECUTABLE_FOLDER_PATH)/Timinator";
			};
			name = Release;
		};
		780F618729DDEE23001C38C2 /* Debug */ = {
			isa = XCBuildConfiguration;
			buildSettings = {
				ALWAYS_EMBED_SWIFT_STANDARD_LIBRARIES = YES;
				CODE_SIGN_STYLE = Automatic;
				CURRENT_PROJECT_VERSION = 1;
				DEVELOPMENT_TEAM = V3D37Y98ZT;
				GENERATE_INFOPLIST_FILE = YES;
				IPHONEOS_DEPLOYMENT_TARGET = 16.4;
				MACOSX_DEPLOYMENT_TARGET = 13.2;
				MARKETING_VERSION = 1.0;
				PRODUCT_BUNDLE_IDENTIFIER = com.TiminatorUITests;
				PRODUCT_NAME = "$(TARGET_NAME)";
				SDKROOT = auto;
				SUPPORTED_PLATFORMS = "iphoneos iphonesimulator macosx";
				SWIFT_EMIT_LOC_STRINGS = NO;
				SWIFT_VERSION = 5.0;
				TARGETED_DEVICE_FAMILY = "1,2";
				TEST_TARGET_NAME = Timinator;
			};
			name = Debug;
		};
		780F618829DDEE23001C38C2 /* Release */ = {
			isa = XCBuildConfiguration;
			buildSettings = {
				ALWAYS_EMBED_SWIFT_STANDARD_LIBRARIES = YES;
				CODE_SIGN_STYLE = Automatic;
				CURRENT_PROJECT_VERSION = 1;
				DEVELOPMENT_TEAM = V3D37Y98ZT;
				GENERATE_INFOPLIST_FILE = YES;
				IPHONEOS_DEPLOYMENT_TARGET = 16.4;
				MACOSX_DEPLOYMENT_TARGET = 13.2;
				MARKETING_VERSION = 1.0;
				PRODUCT_BUNDLE_IDENTIFIER = com.TiminatorUITests;
				PRODUCT_NAME = "$(TARGET_NAME)";
				SDKROOT = auto;
				SUPPORTED_PLATFORMS = "iphoneos iphonesimulator macosx";
				SWIFT_EMIT_LOC_STRINGS = NO;
				SWIFT_VERSION = 5.0;
				TARGETED_DEVICE_FAMILY = "1,2";
				TEST_TARGET_NAME = Timinator;
			};
			name = Release;
		};
/* End XCBuildConfiguration section */

/* Begin XCConfigurationList section */
		780F615629DDEE20001C38C2 /* Build configuration list for PBXProject "Timinator" */ = {
			isa = XCConfigurationList;
			buildConfigurations = (
				780F617E29DDEE23001C38C2 /* Debug */,
				780F617F29DDEE23001C38C2 /* Release */,
			);
			defaultConfigurationIsVisible = 0;
			defaultConfigurationName = Release;
		};
		780F618029DDEE23001C38C2 /* Build configuration list for PBXNativeTarget "Timinator" */ = {
			isa = XCConfigurationList;
			buildConfigurations = (
				780F618129DDEE23001C38C2 /* Debug */,
				780F618229DDEE23001C38C2 /* Release */,
			);
			defaultConfigurationIsVisible = 0;
			defaultConfigurationName = Release;
		};
		780F618329DDEE23001C38C2 /* Build configuration list for PBXNativeTarget "TiminatorTests" */ = {
			isa = XCConfigurationList;
			buildConfigurations = (
				780F618429DDEE23001C38C2 /* Debug */,
				780F618529DDEE23001C38C2 /* Release */,
			);
			defaultConfigurationIsVisible = 0;
			defaultConfigurationName = Release;
		};
		780F618629DDEE23001C38C2 /* Build configuration list for PBXNativeTarget "TiminatorUITests" */ = {
			isa = XCConfigurationList;
			buildConfigurations = (
				780F618729DDEE23001C38C2 /* Debug */,
				780F618829DDEE23001C38C2 /* Release */,
			);
			defaultConfigurationIsVisible = 0;
			defaultConfigurationName = Release;
		};
/* End XCConfigurationList section */
	};
	rootObject = 780F615329DDEE20001C38C2 /* Project object */;
}
